
Microsoft Visual Studio Solution File, Format Version 12.00
# Visual Studio Version 17
VisualStudioVersion = 17.4.33213.308
MinimumVisualStudioVersion = 10.0.40219.1
Project("{9A19103F-16F7-4668-BE54-9A1E7A4F7556}") = "NFL_Today", "NFL_Today\NFL_Today.csproj", "{2CA11C6D-F452-4A53-8E88-3D7E01EEEA82}"
EndProject
Global
	GlobalSection(SolutionConfigurationPlatforms) = preSolution
		Debug|Any CPU = Debug|Any CPU
		Release|Any CPU = Release|Any CPU
	EndGlobalSection
	GlobalSection(ProjectConfigurationPlatforms) = postSolution
		{2CA11C6D-F452-4A53-8E88-3D7E01EEEA82}.Debug|Any CPU.ActiveCfg = Debug|Any CPU
		{2CA11C6D-F452-4A53-8E88-3D7E01EEEA82}.Debug|Any CPU.Build.0 = Debug|Any CPU
		{2CA11C6D-F452-4A53-8E88-3D7E01EEEA82}.Release|Any CPU.ActiveCfg = Release|Any CPU
		{2CA11C6D-F452-4A53-8E88-3D7E01EEEA82}.Release|Any CPU.Build.0 = Release|Any CPU
	EndGlobalSection
	GlobalSection(SolutionProperties) = preSolution
		HideSolutionNode = FALSE
	EndGlobalSection
	GlobalSection(ExtensibilityGlobals) = postSolution
		SolutionGuid = {1CE05434-BAF8-4A58-9EF4-F77454BDE720}
	EndGlobalSection
EndGlobal
